// !$*UTF8*$!
{
	archiveVersion = 1;
	classes = {
	};
	objectVersion = 55;
	objects = {

/* Begin PBXBuildFile section */
		2C35A44B27B9AE6D00D07D20 /* AppDelegate.swift in Sources */ = {isa = PBXBuildFile; fileRef = 2C35A44A27B9AE6D00D07D20 /* AppDelegate.swift */; };
		2C35A44D27B9AE6D00D07D20 /* SceneDelegate.swift in Sources */ = {isa = PBXBuildFile; fileRef = 2C35A44C27B9AE6D00D07D20 /* SceneDelegate.swift */; };
		2C35A44F27B9AE6D00D07D20 /* ViewController.swift in Sources */ = {isa = PBXBuildFile; fileRef = 2C35A44E27B9AE6D00D07D20 /* ViewController.swift */; };
		2C35A45227B9AE6D00D07D20 /* Main.storyboard in Resources */ = {isa = PBXBuildFile; fileRef = 2C35A45027B9AE6D00D07D20 /* Main.storyboard */; };
		2C35A45427B9AE6F00D07D20 /* Assets.xcassets in Resources */ = {isa = PBXBuildFile; fileRef = 2C35A45327B9AE6F00D07D20 /* Assets.xcassets */; };
		2C35A45727B9AE6F00D07D20 /* LaunchScreen.storyboard in Resources */ = {isa = PBXBuildFile; fileRef = 2C35A45527B9AE6F00D07D20 /* LaunchScreen.storyboard */; };
		2C35A46227B9BB1600D07D20 /* InicioTableViewHeader.xib in Resources */ = {isa = PBXBuildFile; fileRef = 2C35A46127B9BB1600D07D20 /* InicioTableViewHeader.xib */; };
		2C35A46427B9BD7900D07D20 /* InicioTableViewHeader.swift in Sources */ = {isa = PBXBuildFile; fileRef = 2C35A46327B9BD7900D07D20 /* InicioTableViewHeader.swift */; };
		2C35A46827B9D77E00D07D20 /* FilmesInicialTableViewCell.swift in Sources */ = {isa = PBXBuildFile; fileRef = 2C35A46627B9D77E00D07D20 /* FilmesInicialTableViewCell.swift */; };
		2C35A46927B9D77E00D07D20 /* FilmesInicialTableViewCell.xib in Resources */ = {isa = PBXBuildFile; fileRef = 2C35A46727B9D77E00D07D20 /* FilmesInicialTableViewCell.xib */; };
		2CF6562F27BA9E07009B034A /* FilmesAPI.swift in Sources */ = {isa = PBXBuildFile; fileRef = 2CF6562E27BA9E07009B034A /* FilmesAPI.swift */; };
		2CF6563627BAE65A009B034A /* ResponseModel.swift in Sources */ = {isa = PBXBuildFile; fileRef = 2CF6563527BAE65A009B034A /* ResponseModel.swift */; };
		2CF6563827BAEAFB009B034A /* FilmeModel.swift in Sources */ = {isa = PBXBuildFile; fileRef = 2CF6563727BAEAFB009B034A /* FilmeModel.swift */; };
		2CF9B98727BBEF5E00CCF3EE /* DetalheViewController.swift in Sources */ = {isa = PBXBuildFile; fileRef = 2CF9B98527BBEF5E00CCF3EE /* DetalheViewController.swift */; };
		2CF9B98827BBEF5E00CCF3EE /* DetalheViewController.xib in Resources */ = {isa = PBXBuildFile; fileRef = 2CF9B98627BBEF5E00CCF3EE /* DetalheViewController.xib */; };
		2CF9B99027BC2D2A00CCF3EE /* FilmeData.xcdatamodeld in Sources */ = {isa = PBXBuildFile; fileRef = 2CF9B98E27BC2D2A00CCF3EE /* FilmeData.xcdatamodeld */; };
		BEB179C8FC72274C19D0EEE4 /* Pods_filmesApp.framework in Frameworks */ = {isa = PBXBuildFile; fileRef = 51C5D20956EFAFA316130E5A /* Pods_filmesApp.framework */; };
/* End PBXBuildFile section */

/* Begin PBXFileReference section */
		2C35A44727B9AE6D00D07D20 /* filmesApp.app */ = {isa = PBXFileReference; explicitFileType = wrapper.application; includeInIndex = 0; path = filmesApp.app; sourceTree = BUILT_PRODUCTS_DIR; };
		2C35A44A27B9AE6D00D07D20 /* AppDelegate.swift */ = {isa = PBXFileReference; lastKnownFileType = sourcecode.swift; path = AppDelegate.swift; sourceTree = "<group>"; };
		2C35A44C27B9AE6D00D07D20 /* SceneDelegate.swift */ = {isa = PBXFileReference; lastKnownFileType = sourcecode.swift; path = SceneDelegate.swift; sourceTree = "<group>"; };
		2C35A44E27B9AE6D00D07D20 /* ViewController.swift */ = {isa = PBXFileReference; lastKnownFileType = sourcecode.swift; path = ViewController.swift; sourceTree = "<group>"; };
		2C35A45127B9AE6D00D07D20 /* Base */ = {isa = PBXFileReference; lastKnownFileType = file.storyboard; name = Base; path = Base.lproj/Main.storyboard; sourceTree = "<group>"; };
		2C35A45327B9AE6F00D07D20 /* Assets.xcassets */ = {isa = PBXFileReference; lastKnownFileType = folder.assetcatalog; path = Assets.xcassets; sourceTree = "<group>"; };
		2C35A45627B9AE6F00D07D20 /* Base */ = {isa = PBXFileReference; lastKnownFileType = file.storyboard; name = Base; path = Base.lproj/LaunchScreen.storyboard; sourceTree = "<group>"; };
		2C35A45827B9AE6F00D07D20 /* Info.plist */ = {isa = PBXFileReference; lastKnownFileType = text.plist.xml; path = Info.plist; sourceTree = "<group>"; };
		2C35A46127B9BB1600D07D20 /* InicioTableViewHeader.xib */ = {isa = PBXFileReference; lastKnownFileType = file.xib; path = InicioTableViewHeader.xib; sourceTree = "<group>"; };
		2C35A46327B9BD7900D07D20 /* InicioTableViewHeader.swift */ = {isa = PBXFileReference; lastKnownFileType = sourcecode.swift; path = InicioTableViewHeader.swift; sourceTree = "<group>"; };
		2C35A46627B9D77E00D07D20 /* FilmesInicialTableViewCell.swift */ = {isa = PBXFileReference; lastKnownFileType = sourcecode.swift; path = FilmesInicialTableViewCell.swift; sourceTree = "<group>"; };
		2C35A46727B9D77E00D07D20 /* FilmesInicialTableViewCell.xib */ = {isa = PBXFileReference; lastKnownFileType = file.xib; path = FilmesInicialTableViewCell.xib; sourceTree = "<group>"; };
		2CF6562E27BA9E07009B034A /* FilmesAPI.swift */ = {isa = PBXFileReference; lastKnownFileType = sourcecode.swift; path = FilmesAPI.swift; sourceTree = "<group>"; };
		2CF6563527BAE65A009B034A /* ResponseModel.swift */ = {isa = PBXFileReference; lastKnownFileType = sourcecode.swift; path = ResponseModel.swift; sourceTree = "<group>"; };
		2CF6563727BAEAFB009B034A /* FilmeModel.swift */ = {isa = PBXFileReference; lastKnownFileType = sourcecode.swift; path = FilmeModel.swift; sourceTree = "<group>"; };
		2CF9B98527BBEF5E00CCF3EE /* DetalheViewController.swift */ = {isa = PBXFileReference; lastKnownFileType = sourcecode.swift; path = DetalheViewController.swift; sourceTree = "<group>"; };
		2CF9B98627BBEF5E00CCF3EE /* DetalheViewController.xib */ = {isa = PBXFileReference; lastKnownFileType = file.xib; path = DetalheViewController.xib; sourceTree = "<group>"; };
		2CF9B98F27BC2D2A00CCF3EE /* FilmeData.xcdatamodel */ = {isa = PBXFileReference; lastKnownFileType = wrapper.xcdatamodel; path = FilmeData.xcdatamodel; sourceTree = "<group>"; };
		51C5D20956EFAFA316130E5A /* Pods_filmesApp.framework */ = {isa = PBXFileReference; explicitFileType = wrapper.framework; includeInIndex = 0; path = Pods_filmesApp.framework; sourceTree = BUILT_PRODUCTS_DIR; };
		BA55EB405262D8557AFF56F4 /* Pods-filmesApp.debug.xcconfig */ = {isa = PBXFileReference; includeInIndex = 1; lastKnownFileType = text.xcconfig; name = "Pods-filmesApp.debug.xcconfig"; path = "Target Support Files/Pods-filmesApp/Pods-filmesApp.debug.xcconfig"; sourceTree = "<group>"; };
		FBB5BCF1418F61A84D321333 /* Pods-filmesApp.release.xcconfig */ = {isa = PBXFileReference; includeInIndex = 1; lastKnownFileType = text.xcconfig; name = "Pods-filmesApp.release.xcconfig"; path = "Target Support Files/Pods-filmesApp/Pods-filmesApp.release.xcconfig"; sourceTree = "<group>"; };
/* End PBXFileReference section */

/* Begin PBXFrameworksBuildPhase section */
		2C35A44427B9AE6D00D07D20 /* Frameworks */ = {
			isa = PBXFrameworksBuildPhase;
			buildActionMask = 2147483647;
			files = (
				BEB179C8FC72274C19D0EEE4 /* Pods_filmesApp.framework in Frameworks */,
			);
			runOnlyForDeploymentPostprocessing = 0;
		};
/* End PBXFrameworksBuildPhase section */

/* Begin PBXGroup section */
		2C35A43E27B9AE6D00D07D20 = {
			isa = PBXGroup;
			children = (
				2C35A44927B9AE6D00D07D20 /* filmesApp */,
				2C35A44827B9AE6D00D07D20 /* Products */,
				8DDB6E03769674F7995D5E7A /* Pods */,
				C1166BFF362B1BAC50EF1F0C /* Frameworks */,
			);
			sourceTree = "<group>";
		};
		2C35A44827B9AE6D00D07D20 /* Products */ = {
			isa = PBXGroup;
			children = (
				2C35A44727B9AE6D00D07D20 /* filmesApp.app */,
			);
			name = Products;
			sourceTree = "<group>";
		};
		2C35A44927B9AE6D00D07D20 /* filmesApp */ = {
			isa = PBXGroup;
			children = (
				2C35A45F27B9B09900D07D20 /* Model */,
				2C35A46027B9B0A200D07D20 /* View */,
				2CF9B98127BBDC1C00CCF3EE /* Header */,
				2C35A45E27B9B07E00D07D20 /* AppDelegate */,
				2CF6562D27BA9DCC009B034A /* Destaques */,
				2C35A45327B9AE6F00D07D20 /* Assets.xcassets */,
				2C35A45527B9AE6F00D07D20 /* LaunchScreen.storyboard */,
				2C35A45827B9AE6F00D07D20 /* Info.plist */,
				2CF9B98E27BC2D2A00CCF3EE /* FilmeData.xcdatamodeld */,
			);
			path = filmesApp;
			sourceTree = "<group>";
		};
		2C35A45E27B9B07E00D07D20 /* AppDelegate */ = {
			isa = PBXGroup;
			children = (
				2C35A44C27B9AE6D00D07D20 /* SceneDelegate.swift */,
				2C35A44A27B9AE6D00D07D20 /* AppDelegate.swift */,
			);
			path = AppDelegate;
			sourceTree = "<group>";
		};
		2C35A45F27B9B09900D07D20 /* Model */ = {
			isa = PBXGroup;
			children = (
				2CF6563527BAE65A009B034A /* ResponseModel.swift */,
				2CF6563727BAEAFB009B034A /* FilmeModel.swift */,
			);
			path = Model;
			sourceTree = "<group>";
		};
		2C35A46027B9B0A200D07D20 /* View */ = {
			isa = PBXGroup;
			children = (
				2CF6563027BAB830009B034A /* Views */,
				2C35A46527B9D72300D07D20 /* Cells */,
				2C35A45027B9AE6D00D07D20 /* Main.storyboard */,
				2C35A44E27B9AE6D00D07D20 /* ViewController.swift */,
				2CF9B98427BBEF2900CCF3EE /* DetalheViewController */,
			);
			path = View;
			sourceTree = "<group>";
		};
		2C35A46527B9D72300D07D20 /* Cells */ = {
			isa = PBXGroup;
			children = (
				2C35A46627B9D77E00D07D20 /* FilmesInicialTableViewCell.swift */,
				2C35A46727B9D77E00D07D20 /* FilmesInicialTableViewCell.xib */,
			);
			path = Cells;
			sourceTree = "<group>";
		};
		2CF6562D27BA9DCC009B034A /* Destaques */ = {
			isa = PBXGroup;
			children = (
				2CF6562E27BA9E07009B034A /* FilmesAPI.swift */,
			);
			path = Destaques;
			sourceTree = "<group>";
		};
		2CF6563027BAB830009B034A /* Views */ = {
			isa = PBXGroup;
			children = (
			);
			path = Views;
			sourceTree = "<group>";
		};
		2CF9B98127BBDC1C00CCF3EE /* Header */ = {
			isa = PBXGroup;
			children = (
				2C35A46127B9BB1600D07D20 /* InicioTableViewHeader.xib */,
				2C35A46327B9BD7900D07D20 /* InicioTableViewHeader.swift */,
			);
			path = Header;
			sourceTree = "<group>";
		};
		2CF9B98427BBEF2900CCF3EE /* DetalheViewController */ = {
			isa = PBXGroup;
			children = (
				2CF9B98527BBEF5E00CCF3EE /* DetalheViewController.swift */,
				2CF9B98627BBEF5E00CCF3EE /* DetalheViewController.xib */,
			);
			path = DetalheViewController;
			sourceTree = "<group>";
		};
		8DDB6E03769674F7995D5E7A /* Pods */ = {
			isa = PBXGroup;
			children = (
				BA55EB405262D8557AFF56F4 /* Pods-filmesApp.debug.xcconfig */,
				FBB5BCF1418F61A84D321333 /* Pods-filmesApp.release.xcconfig */,
			);
			path = Pods;
			sourceTree = "<group>";
		};
		C1166BFF362B1BAC50EF1F0C /* Frameworks */ = {
			isa = PBXGroup;
			children = (
				51C5D20956EFAFA316130E5A /* Pods_filmesApp.framework */,
			);
			name = Frameworks;
			sourceTree = "<group>";
		};
/* End PBXGroup section */

/* Begin PBXNativeTarget section */
		2C35A44627B9AE6D00D07D20 /* filmesApp */ = {
			isa = PBXNativeTarget;
			buildConfigurationList = 2C35A45B27B9AE6F00D07D20 /* Build configuration list for PBXNativeTarget "filmesApp" */;
			buildPhases = (
				910B12A725727AE5F28954C5 /* [CP] Check Pods Manifest.lock */,
				2C35A44327B9AE6D00D07D20 /* Sources */,
				2C35A44427B9AE6D00D07D20 /* Frameworks */,
				2C35A44527B9AE6D00D07D20 /* Resources */,
				DC613B1432973B9ACCD051B5 /* [CP] Embed Pods Frameworks */,
			);
			buildRules = (
			);
			dependencies = (
			);
			name = filmesApp;
			productName = filmesApp;
			productReference = 2C35A44727B9AE6D00D07D20 /* filmesApp.app */;
			productType = "com.apple.product-type.application";
		};
/* End PBXNativeTarget section */

/* Begin PBXProject section */
		2C35A43F27B9AE6D00D07D20 /* Project object */ = {
			isa = PBXProject;
			attributes = {
				BuildIndependentTargetsInParallel = 1;
				LastSwiftUpdateCheck = 1320;
				LastUpgradeCheck = 1320;
				TargetAttributes = {
					2C35A44627B9AE6D00D07D20 = {
						CreatedOnToolsVersion = 13.2.1;
					};
				};
			};
			buildConfigurationList = 2C35A44227B9AE6D00D07D20 /* Build configuration list for PBXProject "filmesApp" */;
			compatibilityVersion = "Xcode 13.0";
			developmentRegion = en;
			hasScannedForEncodings = 0;
			knownRegions = (
				en,
				Base,
			);
			mainGroup = 2C35A43E27B9AE6D00D07D20;
			productRefGroup = 2C35A44827B9AE6D00D07D20 /* Products */;
			projectDirPath = "";
			projectRoot = "";
			targets = (
				2C35A44627B9AE6D00D07D20 /* filmesApp */,
			);
		};
/* End PBXProject section */

/* Begin PBXResourcesBuildPhase section */
		2C35A44527B9AE6D00D07D20 /* Resources */ = {
			isa = PBXResourcesBuildPhase;
			buildActionMask = 2147483647;
			files = (
				2C35A45727B9AE6F00D07D20 /* LaunchScreen.storyboard in Resources */,
				2C35A46227B9BB1600D07D20 /* InicioTableViewHeader.xib in Resources */,
				2CF9B98827BBEF5E00CCF3EE /* DetalheViewController.xib in Resources */,
				2C35A45427B9AE6F00D07D20 /* Assets.xcassets in Resources */,
				2C35A46927B9D77E00D07D20 /* FilmesInicialTableViewCell.xib in Resources */,
				2C35A45227B9AE6D00D07D20 /* Main.storyboard in Resources */,
			);
			runOnlyForDeploymentPostprocessing = 0;
		};
/* End PBXResourcesBuildPhase section */

/* Begin PBXShellScriptBuildPhase section */
		910B12A725727AE5F28954C5 /* [CP] Check Pods Manifest.lock */ = {
			isa = PBXShellScriptBuildPhase;
			buildActionMask = 2147483647;
			files = (
			);
			inputFileListPaths = (
			);
			inputPaths = (
				"${PODS_PODFILE_DIR_PATH}/Podfile.lock",
				"${PODS_ROOT}/Manifest.lock",
			);
			name = "[CP] Check Pods Manifest.lock";
			outputFileListPaths = (
			);
			outputPaths = (
				"$(DERIVED_FILE_DIR)/Pods-filmesApp-checkManifestLockResult.txt",
			);
			runOnlyForDeploymentPostprocessing = 0;
			shellPath = /bin/sh;
			shellScript = "diff \"${PODS_PODFILE_DIR_PATH}/Podfile.lock\" \"${PODS_ROOT}/Manifest.lock\" > /dev/null\nif [ $? != 0 ] ; then\n    # print error to STDERR\n    echo \"error: The sandbox is not in sync with the Podfile.lock. Run 'pod install' or update your CocoaPods installation.\" >&2\n    exit 1\nfi\n# This output is used by Xcode 'outputs' to avoid re-running this script phase.\necho \"SUCCESS\" > \"${SCRIPT_OUTPUT_FILE_0}\"\n";
			showEnvVarsInLog = 0;
		};
		DC613B1432973B9ACCD051B5 /* [CP] Embed Pods Frameworks */ = {
			isa = PBXShellScriptBuildPhase;
			buildActionMask = 2147483647;
			files = (
			);
			inputFileListPaths = (
				"${PODS_ROOT}/Target Support Files/Pods-filmesApp/Pods-filmesApp-frameworks-${CONFIGURATION}-input-files.xcfilelist",
			);
			name = "[CP] Embed Pods Frameworks";
			outputFileListPaths = (
				"${PODS_ROOT}/Target Support Files/Pods-filmesApp/Pods-filmesApp-frameworks-${CONFIGURATION}-output-files.xcfilelist",
			);
			runOnlyForDeploymentPostprocessing = 0;
			shellPath = /bin/sh;
			shellScript = "\"${PODS_ROOT}/Target Support Files/Pods-filmesApp/Pods-filmesApp-frameworks.sh\"\n";
			showEnvVarsInLog = 0;
		};
/* End PBXShellScriptBuildPhase section */

/* Begin PBXSourcesBuildPhase section */
		2C35A44327B9AE6D00D07D20 /* Sources */ = {
			isa = PBXSourcesBuildPhase;
			buildActionMask = 2147483647;
			files = (
				2C35A44F27B9AE6D00D07D20 /* ViewController.swift in Sources */,
				2CF6563827BAEAFB009B034A /* FilmeModel.swift in Sources */,
				2C35A46427B9BD7900D07D20 /* InicioTableViewHeader.swift in Sources */,
				2CF6562F27BA9E07009B034A /* FilmesAPI.swift in Sources */,
				2C35A46827B9D77E00D07D20 /* FilmesInicialTableViewCell.swift in Sources */,
				2CF9B99027BC2D2A00CCF3EE /* FilmeData.xcdatamodeld in Sources */,
				2CF9B98727BBEF5E00CCF3EE /* DetalheViewController.swift in Sources */,
				2CF6563627BAE65A009B034A /* ResponseModel.swift in Sources */,
				2C35A44B27B9AE6D00D07D20 /* AppDelegate.swift in Sources */,
				2C35A44D27B9AE6D00D07D20 /* SceneDelegate.swift in Sources */,
			);
			runOnlyForDeploymentPostprocessing = 0;
		};
/* End PBXSourcesBuildPhase section */

/* Begin PBXVariantGroup section */
		2C35A45027B9AE6D00D07D20 /* Main.storyboard */ = {
			isa = PBXVariantGroup;
			children = (
				2C35A45127B9AE6D00D07D20 /* Base */,
			);
			name = Main.storyboard;
			sourceTree = "<group>";
		};
		2C35A45527B9AE6F00D07D20 /* LaunchScreen.storyboard */ = {
			isa = PBXVariantGroup;
			children = (
				2C35A45627B9AE6F00D07D20 /* Base */,
			);
			name = LaunchScreen.storyboard;
			sourceTree = "<group>";
		};
/* End PBXVariantGroup section */

/* Begin XCBuildConfiguration section */
		2C35A45927B9AE6F00D07D20 /* Debug */ = {
			isa = XCBuildConfiguration;
			buildSettings = {
				ALWAYS_SEARCH_USER_PATHS = NO;
				CLANG_ANALYZER_NONNULL = YES;
				CLANG_ANALYZER_NUMBER_OBJECT_CONVERSION = YES_AGGRESSIVE;
				CLANG_CXX_LANGUAGE_STANDARD = "gnu++17";
				CLANG_CXX_LIBRARY = "libc++";
				CLANG_ENABLE_MODULES = YES;
				CLANG_ENABLE_OBJC_ARC = YES;
				CLANG_ENABLE_OBJC_WEAK = YES;
				CLANG_WARN_BLOCK_CAPTURE_AUTORELEASING = YES;
				CLANG_WARN_BOOL_CONVERSION = YES;
				CLANG_WARN_COMMA = YES;
				CLANG_WARN_CONSTANT_CONVERSION = YES;
				CLANG_WARN_DEPRECATED_OBJC_IMPLEMENTATIONS = YES;
				CLANG_WARN_DIRECT_OBJC_ISA_USAGE = YES_ERROR;
				CLANG_WARN_DOCUMENTATION_COMMENTS = YES;
				CLANG_WARN_EMPTY_BODY = YES;
				CLANG_WARN_ENUM_CONVERSION = YES;
				CLANG_WARN_INFINITE_RECURSION = YES;
				CLANG_WARN_INT_CONVERSION = YES;
				CLANG_WARN_NON_LITERAL_NULL_CONVERSION = YES;
				CLANG_WARN_OBJC_IMPLICIT_RETAIN_SELF = YES;
				CLANG_WARN_OBJC_LITERAL_CONVERSION = YES;
				CLANG_WARN_OBJC_ROOT_CLASS = YES_ERROR;
				CLANG_WARN_QUOTED_INCLUDE_IN_FRAMEWORK_HEADER = YES;
				CLANG_WARN_RANGE_LOOP_ANALYSIS = YES;
				CLANG_WARN_STRICT_PROTOTYPES = YES;
				CLANG_WARN_SUSPICIOUS_MOVE = YES;
				CLANG_WARN_UNGUARDED_AVAILABILITY = YES_AGGRESSIVE;
				CLANG_WARN_UNREACHABLE_CODE = YES;
				CLANG_WARN__DUPLICATE_METHOD_MATCH = YES;
				COPY_PHASE_STRIP = NO;
				DEBUG_INFORMATION_FORMAT = dwarf;
				ENABLE_STRICT_OBJC_MSGSEND = YES;
				ENABLE_TESTABILITY = YES;
				GCC_C_LANGUAGE_STANDARD = gnu11;
				GCC_DYNAMIC_NO_PIC = NO;
				GCC_NO_COMMON_BLOCKS = YES;
				GCC_OPTIMIZATION_LEVEL = 0;
				GCC_PREPROCESSOR_DEFINITIONS = (
					"DEBUG=1",
					"$(inherited)",
				);
				GCC_WARN_64_TO_32_BIT_CONVERSION = YES;
				GCC_WARN_ABOUT_RETURN_TYPE = YES_ERROR;
				GCC_WARN_UNDECLARED_SELECTOR = YES;
				GCC_WARN_UNINITIALIZED_AUTOS = YES_AGGRESSIVE;
				GCC_WARN_UNUSED_FUNCTION = YES;
				GCC_WARN_UNUSED_VARIABLE = YES;
				IPHONEOS_DEPLOYMENT_TARGET = 15.2;
				MTL_ENABLE_DEBUG_INFO = INCLUDE_SOURCE;
				MTL_FAST_MATH = YES;
				ONLY_ACTIVE_ARCH = YES;
				SDKROOT = iphoneos;
				SWIFT_ACTIVE_COMPILATION_CONDITIONS = DEBUG;
				SWIFT_OPTIMIZATION_LEVEL = "-Onone";
			};
			name = Debug;
		};
		2C35A45A27B9AE6F00D07D20 /* Release */ = {
			isa = XCBuildConfiguration;
			buildSettings = {
				ALWAYS_SEARCH_USER_PATHS = NO;
				CLANG_ANALYZER_NONNULL = YES;
				CLANG_ANALYZER_NUMBER_OBJECT_CONVERSION = YES_AGGRESSIVE;
				CLANG_CXX_LANGUAGE_STANDARD = "gnu++17";
				CLANG_CXX_LIBRARY = "libc++";
				CLANG_ENABLE_MODULES = YES;
				CLANG_ENABLE_OBJC_ARC = YES;
				CLANG_ENABLE_OBJC_WEAK = YES;
				CLANG_WARN_BLOCK_CAPTURE_AUTORELEASING = YES;
				CLANG_WARN_BOOL_CONVERSION = YES;
				CLANG_WARN_COMMA = YES;
				CLANG_WARN_CONSTANT_CONVERSION = YES;
				CLANG_WARN_DEPRECATED_OBJC_IMPLEMENTATIONS = YES;
				CLANG_WARN_DIRECT_OBJC_ISA_USAGE = YES_ERROR;
				CLANG_WARN_DOCUMENTATION_COMMENTS = YES;
				CLANG_WARN_EMPTY_BODY = YES;
				CLANG_WARN_ENUM_CONVERSION = YES;
				CLANG_WARN_INFINITE_RECURSION = YES;
				CLANG_WARN_INT_CONVERSION = YES;
				CLANG_WARN_NON_LITERAL_NULL_CONVERSION = YES;
				CLANG_WARN_OBJC_IMPLICIT_RETAIN_SELF = YES;
				CLANG_WARN_OBJC_LITERAL_CONVERSION = YES;
				CLANG_WARN_OBJC_ROOT_CLASS = YES_ERROR;
				CLANG_WARN_QUOTED_INCLUDE_IN_FRAMEWORK_HEADER = YES;
				CLANG_WARN_RANGE_LOOP_ANALYSIS = YES;
				CLANG_WARN_STRICT_PROTOTYPES = YES;
				CLANG_WARN_SUSPICIOUS_MOVE = YES;
				CLANG_WARN_UNGUARDED_AVAILABILITY = YES_AGGRESSIVE;
				CLANG_WARN_UNREACHABLE_CODE = YES;
				CLANG_WARN__DUPLICATE_METHOD_MATCH = YES;
				COPY_PHASE_STRIP = NO;
				DEBUG_INFORMATION_FORMAT = "dwarf-with-dsym";
				ENABLE_NS_ASSERTIONS = NO;
				ENABLE_STRICT_OBJC_MSGSEND = YES;
				GCC_C_LANGUAGE_STANDARD = gnu11;
				GCC_NO_COMMON_BLOCKS = YES;
				GCC_WARN_64_TO_32_BIT_CONVERSION = YES;
				GCC_WARN_ABOUT_RETURN_TYPE = YES_ERROR;
				GCC_WARN_UNDECLARED_SELECTOR = YES;
				GCC_WARN_UNINITIALIZED_AUTOS = YES_AGGRESSIVE;
				GCC_WARN_UNUSED_FUNCTION = YES;
				GCC_WARN_UNUSED_VARIABLE = YES;
				IPHONEOS_DEPLOYMENT_TARGET = 15.2;
				MTL_ENABLE_DEBUG_INFO = NO;
				MTL_FAST_MATH = YES;
				SDKROOT = iphoneos;
				SWIFT_COMPILATION_MODE = wholemodule;
				SWIFT_OPTIMIZATION_LEVEL = "-O";
				VALIDATE_PRODUCT = YES;
			};
			name = Release;
		};
		2C35A45C27B9AE6F00D07D20 /* Debug */ = {
			isa = XCBuildConfiguration;
			baseConfigurationReference = BA55EB405262D8557AFF56F4 /* Pods-filmesApp.debug.xcconfig */;
			buildSettings = {
				ASSETCATALOG_COMPILER_APPICON_NAME = AppIcon;
				ASSETCATALOG_COMPILER_GLOBAL_ACCENT_COLOR_NAME = AccentColor;
				CODE_SIGN_STYLE = Automatic;
				CURRENT_PROJECT_VERSION = 1;
				GENERATE_INFOPLIST_FILE = YES;
				INFOPLIST_FILE = filmesApp/Info.plist;
				INFOPLIST_KEY_UIApplicationSupportsIndirectInputEvents = YES;
				INFOPLIST_KEY_UILaunchStoryboardName = LaunchScreen;
				INFOPLIST_KEY_UIMainStoryboardFile = Main;
				INFOPLIST_KEY_UISupportedInterfaceOrientations_iPad = "UIInterfaceOrientationPortrait UIInterfaceOrientationPortraitUpsideDown UIInterfaceOrientationLandscapeLeft UIInterfaceOrientationLandscapeRight";
				INFOPLIST_KEY_UISupportedInterfaceOrientations_iPhone = "UIInterfaceOrientationPortrait UIInterfaceOrientationLandscapeLeft UIInterfaceOrientationLandscapeRight";
				LD_RUNPATH_SEARCH_PATHS = (
					"$(inherited)",
					"@executable_path/Frameworks",
				);
				MARKETING_VERSION = 1.0;
				PRODUCT_BUNDLE_IDENTIFIER = br.com.nttdataeveris.filmesApp;
				PRODUCT_NAME = "$(TARGET_NAME)";
				SWIFT_EMIT_LOC_STRINGS = YES;
				SWIFT_VERSION = 5.0;
				TARGETED_DEVICE_FAMILY = "1,2";
			};
			name = Debug;
		};
		2C35A45D27B9AE6F00D07D20 /* Release */ = {
			isa = XCBuildConfiguration;
			baseConfigurationReference = FBB5BCF1418F61A84D321333 /* Pods-filmesApp.release.xcconfig */;
			buildSettings = {
				ASSETCATALOG_COMPILER_APPICON_NAME = AppIcon;
				ASSETCATALOG_COMPILER_GLOBAL_ACCENT_COLOR_NAME = AccentColor;
				CODE_SIGN_STYLE = Automatic;
				CURRENT_PROJECT_VERSION = 1;
				GENERATE_INFOPLIST_FILE = YES;
				INFOPLIST_FILE = filmesApp/Info.plist;
				INFOPLIST_KEY_UIApplicationSupportsIndirectInputEvents = YES;
				INFOPLIST_KEY_UILaunchStoryboardName = LaunchScreen;
				INFOPLIST_KEY_UIMainStoryboardFile = Main;
				INFOPLIST_KEY_UISupportedInterfaceOrientations_iPad = "UIInterfaceOrientationPortrait UIInterfaceOrientationPortraitUpsideDown UIInterfaceOrientationLandscapeLeft UIInterfaceOrientationLandscapeRight";
				INFOPLIST_KEY_UISupportedInterfaceOrientations_iPhone = "UIInterfaceOrientationPortrait UIInterfaceOrientationLandscapeLeft UIInterfaceOrientationLandscapeRight";
				LD_RUNPATH_SEARCH_PATHS = (
					"$(inherited)",
					"@executable_path/Frameworks",
				);
				MARKETING_VERSION = 1.0;
				PRODUCT_BUNDLE_IDENTIFIER = br.com.nttdataeveris.filmesApp;
				PRODUCT_NAME = "$(TARGET_NAME)";
				SWIFT_EMIT_LOC_STRINGS = YES;
				SWIFT_VERSION = 5.0;
				TARGETED_DEVICE_FAMILY = "1,2";
			};
			name = Release;
		};
/* End XCBuildConfiguration section */

/* Begin XCConfigurationList section */
		2C35A44227B9AE6D00D07D20 /* Build configuration list for PBXProject "filmesApp" */ = {
			isa = XCConfigurationList;
			buildConfigurations = (
				2C35A45927B9AE6F00D07D20 /* Debug */,
				2C35A45A27B9AE6F00D07D20 /* Release */,
			);
			defaultConfigurationIsVisible = 0;
			defaultConfigurationName = Release;
		};
		2C35A45B27B9AE6F00D07D20 /* Build configuration list for PBXNativeTarget "filmesApp" */ = {
			isa = XCConfigurationList;
			buildConfigurations = (
				2C35A45C27B9AE6F00D07D20 /* Debug */,
				2C35A45D27B9AE6F00D07D20 /* Release */,
			);
			defaultConfigurationIsVisible = 0;
			defaultConfigurationName = Release;
		};
/* End XCConfigurationList section */

/* Begin XCVersionGroup section */
		2CF9B98E27BC2D2A00CCF3EE /* FilmeData.xcdatamodeld */ = {
			isa = XCVersionGroup;
			children = (
				2CF9B98F27BC2D2A00CCF3EE /* FilmeData.xcdatamodel */,
			);
			currentVersion = 2CF9B98F27BC2D2A00CCF3EE /* FilmeData.xcdatamodel */;
			path = FilmeData.xcdatamodeld;
			sourceTree = "<group>";
			versionGroupType = wrapper.xcdatamodel;
		};
/* End XCVersionGroup section */
	};
	rootObject = 2C35A43F27B9AE6D00D07D20 /* Project object */;
}
